
Microsoft Visual Studio Solution File, Format Version 12.00
# Visual Studio 14
VisualStudioVersion = 14.0.25420.1
MinimumVisualStudioVersion = 10.0.40219.1
Project("{FAE04EC0-301F-11D3-BF4B-00C04F79EFBC}") = "GraphicEditor", "GraphicEditor\GraphicEditor.csproj", "{B4EF21ED-AD3C-490C-B8F6-23ACE5EC71FB}"
EndProject
Project("{FAE04EC0-301F-11D3-BF4B-00C04F79EFBC}") = "BasicFigures", "BasicFigures\BasicFigures.csproj", "{09B4D50A-D575-47CA-B58E-9402E572B8D5}"
EndProject
Project("{FAE04EC0-301F-11D3-BF4B-00C04F79EFBC}") = "BasicFiguresTests", "BasicFiguresTests\BasicFiguresTests.csproj", "{96EAA5E4-8E40-4A5B-BED2-27679B5A0297}"
EndProject
Project("{FAE04EC0-301F-11D3-BF4B-00C04F79EFBC}") = "Images", "Images\Images.csproj", "{88BDDCAC-ECF9-4CC9-970E-1F10C821326B}"
EndProject
Project("{FAE04EC0-301F-11D3-BF4B-00C04F79EFBC}") = "ImagesTests", "ImagesTests\ImagesTests.csproj", "{C747D92B-9BE4-467A-8C4D-8684F432CDB1}"
EndProject
Project("{FAE04EC0-301F-11D3-BF4B-00C04F79EFBC}") = "RGBCmykConverterTests", "RGBCmykConverterTests\RGBCmykConverterTests.csproj", "{E1872E2C-245B-4CAA-86EB-A79529B311CA}"
EndProject
Project("{FAE04EC0-301F-11D3-BF4B-00C04F79EFBC}") = "RGBCmykConverter", "RGBCmykConverter\RGBCmykConverter.csproj", "{EC2FE247-F843-4121-9432-A6EB14780C40}"
EndProject
Project("{FAE04EC0-301F-11D3-BF4B-00C04F79EFBC}") = "ImageTools", "ImageTools\ImageTools.csproj", "{06DB8FCA-6450-49E6-A038-AA078270DE69}"
EndProject
Project("{FAE04EC0-301F-11D3-BF4B-00C04F79EFBC}") = "ImageHistogram", "ImageHistogram\ImageHistogram.csproj", "{A320DECA-8394-4389-8F18-7F7617AA0EB4}"
EndProject
Global
	GlobalSection(SolutionConfigurationPlatforms) = preSolution
		Debug|Any CPU = Debug|Any CPU
		Release|Any CPU = Release|Any CPU
	EndGlobalSection
	GlobalSection(ProjectConfigurationPlatforms) = postSolution
		{B4EF21ED-AD3C-490C-B8F6-23ACE5EC71FB}.Debug|Any CPU.ActiveCfg = Debug|Any CPU
		{B4EF21ED-AD3C-490C-B8F6-23ACE5EC71FB}.Debug|Any CPU.Build.0 = Debug|Any CPU
		{B4EF21ED-AD3C-490C-B8F6-23ACE5EC71FB}.Release|Any CPU.ActiveCfg = Release|Any CPU
		{B4EF21ED-AD3C-490C-B8F6-23ACE5EC71FB}.Release|Any CPU.Build.0 = Release|Any CPU
		{09B4D50A-D575-47CA-B58E-9402E572B8D5}.Debug|Any CPU.ActiveCfg = Debug|Any CPU
		{09B4D50A-D575-47CA-B58E-9402E572B8D5}.Debug|Any CPU.Build.0 = Debug|Any CPU
		{09B4D50A-D575-47CA-B58E-9402E572B8D5}.Release|Any CPU.ActiveCfg = Release|Any CPU
		{09B4D50A-D575-47CA-B58E-9402E572B8D5}.Release|Any CPU.Build.0 = Release|Any CPU
		{96EAA5E4-8E40-4A5B-BED2-27679B5A0297}.Debug|Any CPU.ActiveCfg = Debug|Any CPU
		{96EAA5E4-8E40-4A5B-BED2-27679B5A0297}.Debug|Any CPU.Build.0 = Debug|Any CPU
		{96EAA5E4-8E40-4A5B-BED2-27679B5A0297}.Release|Any CPU.ActiveCfg = Release|Any CPU
		{96EAA5E4-8E40-4A5B-BED2-27679B5A0297}.Release|Any CPU.Build.0 = Release|Any CPU
		{88BDDCAC-ECF9-4CC9-970E-1F10C821326B}.Debug|Any CPU.ActiveCfg = Debug|Any CPU
		{88BDDCAC-ECF9-4CC9-970E-1F10C821326B}.Debug|Any CPU.Build.0 = Debug|Any CPU
		{88BDDCAC-ECF9-4CC9-970E-1F10C821326B}.Release|Any CPU.ActiveCfg = Release|Any CPU
		{88BDDCAC-ECF9-4CC9-970E-1F10C821326B}.Release|Any CPU.Build.0 = Release|Any CPU
		{C747D92B-9BE4-467A-8C4D-8684F432CDB1}.Debug|Any CPU.ActiveCfg = Debug|Any CPU
		{C747D92B-9BE4-467A-8C4D-8684F432CDB1}.Debug|Any CPU.Build.0 = Debug|Any CPU
		{C747D92B-9BE4-467A-8C4D-8684F432CDB1}.Release|Any CPU.ActiveCfg = Release|Any CPU
		{C747D92B-9BE4-467A-8C4D-8684F432CDB1}.Release|Any CPU.Build.0 = Release|Any CPU
		{E1872E2C-245B-4CAA-86EB-A79529B311CA}.Debug|Any CPU.ActiveCfg = Debug|Any CPU
		{E1872E2C-245B-4CAA-86EB-A79529B311CA}.Debug|Any CPU.Build.0 = Debug|Any CPU
		{E1872E2C-245B-4CAA-86EB-A79529B311CA}.Release|Any CPU.ActiveCfg = Release|Any CPU
		{E1872E2C-245B-4CAA-86EB-A79529B311CA}.Release|Any CPU.Build.0 = Release|Any CPU
		{EC2FE247-F843-4121-9432-A6EB14780C40}.Debug|Any CPU.ActiveCfg = Debug|Any CPU
		{EC2FE247-F843-4121-9432-A6EB14780C40}.Debug|Any CPU.Build.0 = Debug|Any CPU
		{EC2FE247-F843-4121-9432-A6EB14780C40}.Release|Any CPU.ActiveCfg = Release|Any CPU
		{EC2FE247-F843-4121-9432-A6EB14780C40}.Release|Any CPU.Build.0 = Release|Any CPU
		{06DB8FCA-6450-49E6-A038-AA078270DE69}.Debug|Any CPU.ActiveCfg = Debug|Any CPU
		{06DB8FCA-6450-49E6-A038-AA078270DE69}.Debug|Any CPU.Build.0 = Debug|Any CPU
		{06DB8FCA-6450-49E6-A038-AA078270DE69}.Release|Any CPU.ActiveCfg = Release|Any CPU
		{06DB8FCA-6450-49E6-A038-AA078270DE69}.Release|Any CPU.Build.0 = Release|Any CPU
		{A320DECA-8394-4389-8F18-7F7617AA0EB4}.Debug|Any CPU.ActiveCfg = Debug|Any CPU
		{A320DECA-8394-4389-8F18-7F7617AA0EB4}.Debug|Any CPU.Build.0 = Debug|Any CPU
		{A320DECA-8394-4389-8F18-7F7617AA0EB4}.Release|Any CPU.ActiveCfg = Release|Any CPU
		{A320DECA-8394-4389-8F18-7F7617AA0EB4}.Release|Any CPU.Build.0 = Release|Any CPU
	EndGlobalSection
	GlobalSection(SolutionProperties) = preSolution
		HideSolutionNode = FALSE
	EndGlobalSection
	GlobalSection(ExtensibilityGlobals) = postSolution
		SolutionGuid = {E74B9A10-5663-4973-A512-3E0960457555}
	EndGlobalSection
EndGlobal
