
Microsoft Visual Studio Solution File, Format Version 12.00
# Visual Studio 14
VisualStudioVersion = 14.0.25420.1
MinimumVisualStudioVersion = 10.0.40219.1
Project("{FAE04EC0-301F-11D3-BF4B-00C04F79EFBC}") = "GraphicEditor", "GraphicEditor\GraphicEditor.csproj", "{B4EF21ED-AD3C-490C-B8F6-23ACE5EC71FB}"
EndProject
Project("{FAE04EC0-301F-11D3-BF4B-00C04F79EFBC}") = "BasicFigures", "BasicFigures\BasicFigures.csproj", "{09B4D50A-D575-47CA-B58E-9402E572B8D5}"
EndProject
Project("{FAE04EC0-301F-11D3-BF4B-00C04F79EFBC}") = "BasicFiguresTests", "BasicFiguresTests\BasicFiguresTests.csproj", "{96EAA5E4-8E40-4A5B-BED2-27679B5A0297}"
EndProject
Global
	GlobalSection(SolutionConfigurationPlatforms) = preSolution
		Debug|Any CPU = Debug|Any CPU
		Release|Any CPU = Release|Any CPU
	EndGlobalSection
	GlobalSection(ProjectConfigurationPlatforms) = postSolution
		{B4EF21ED-AD3C-490C-B8F6-23ACE5EC71FB}.Debug|Any CPU.ActiveCfg = Debug|Any CPU
		{B4EF21ED-AD3C-490C-B8F6-23ACE5EC71FB}.Debug|Any CPU.Build.0 = Debug|Any CPU
		{B4EF21ED-AD3C-490C-B8F6-23ACE5EC71FB}.Release|Any CPU.ActiveCfg = Release|Any CPU
		{B4EF21ED-AD3C-490C-B8F6-23ACE5EC71FB}.Release|Any CPU.Build.0 = Release|Any CPU
		{09B4D50A-D575-47CA-B58E-9402E572B8D5}.Debug|Any CPU.ActiveCfg = Debug|Any CPU
		{09B4D50A-D575-47CA-B58E-9402E572B8D5}.Debug|Any CPU.Build.0 = Debug|Any CPU
		{09B4D50A-D575-47CA-B58E-9402E572B8D5}.Release|Any CPU.ActiveCfg = Release|Any CPU
		{09B4D50A-D575-47CA-B58E-9402E572B8D5}.Release|Any CPU.Build.0 = Release|Any CPU
		{96EAA5E4-8E40-4A5B-BED2-27679B5A0297}.Debug|Any CPU.ActiveCfg = Debug|Any CPU
		{96EAA5E4-8E40-4A5B-BED2-27679B5A0297}.Debug|Any CPU.Build.0 = Debug|Any CPU
		{96EAA5E4-8E40-4A5B-BED2-27679B5A0297}.Release|Any CPU.ActiveCfg = Release|Any CPU
		{96EAA5E4-8E40-4A5B-BED2-27679B5A0297}.Release|Any CPU.Build.0 = Release|Any CPU
	EndGlobalSection
	GlobalSection(SolutionProperties) = preSolution
		HideSolutionNode = FALSE
	EndGlobalSection
EndGlobal
